
Microsoft Visual Studio Solution File, Format Version 12.00
# Visual Studio 15
VisualStudioVersion = 15.0.28010.2003
MinimumVisualStudioVersion = 10.0.40219.1
Project("{9A19103F-16F7-4668-BE54-9A1E7A4F7556}") = "HGJ.ConsoleLib", "HGJ.ConsoleLib\HGJ.ConsoleLib.csproj", "{135B2D98-9B5F-446C-93C4-0CE1520DA817}"
EndProject
Project("{9A19103F-16F7-4668-BE54-9A1E7A4F7556}") = "OnkyoISCPlib", "OnkyoISCPlib\OnkyoISCPlib.csproj", "{18C050C9-8C91-4C9C-9FC6-D6FA016F13AA}"
EndProject
Project("{9A19103F-16F7-4668-BE54-9A1E7A4F7556}") = "OnkyoRemote", "OnkyoRemote\OnkyoRemote.csproj", "{5ECFD0C9-CEE0-45A9-B0AB-D9ADD9BF6AFE}"
EndProject
Global
	GlobalSection(SolutionConfigurationPlatforms) = preSolution
		Debug|Any CPU = Debug|Any CPU
		Release|Any CPU = Release|Any CPU
	EndGlobalSection
	GlobalSection(ProjectConfigurationPlatforms) = postSolution
		{135B2D98-9B5F-446C-93C4-0CE1520DA817}.Debug|Any CPU.ActiveCfg = Debug|Any CPU
		{135B2D98-9B5F-446C-93C4-0CE1520DA817}.Debug|Any CPU.Build.0 = Debug|Any CPU
		{135B2D98-9B5F-446C-93C4-0CE1520DA817}.Release|Any CPU.ActiveCfg = Release|Any CPU
		{135B2D98-9B5F-446C-93C4-0CE1520DA817}.Release|Any CPU.Build.0 = Release|Any CPU
		{18C050C9-8C91-4C9C-9FC6-D6FA016F13AA}.Debug|Any CPU.ActiveCfg = Debug|Any CPU
		{18C050C9-8C91-4C9C-9FC6-D6FA016F13AA}.Debug|Any CPU.Build.0 = Debug|Any CPU
		{18C050C9-8C91-4C9C-9FC6-D6FA016F13AA}.Release|Any CPU.ActiveCfg = Release|Any CPU
		{18C050C9-8C91-4C9C-9FC6-D6FA016F13AA}.Release|Any CPU.Build.0 = Release|Any CPU
		{5ECFD0C9-CEE0-45A9-B0AB-D9ADD9BF6AFE}.Debug|Any CPU.ActiveCfg = Debug|Any CPU
		{5ECFD0C9-CEE0-45A9-B0AB-D9ADD9BF6AFE}.Debug|Any CPU.Build.0 = Debug|Any CPU
		{5ECFD0C9-CEE0-45A9-B0AB-D9ADD9BF6AFE}.Release|Any CPU.ActiveCfg = Release|Any CPU
		{5ECFD0C9-CEE0-45A9-B0AB-D9ADD9BF6AFE}.Release|Any CPU.Build.0 = Release|Any CPU
	EndGlobalSection
	GlobalSection(SolutionProperties) = preSolution
		HideSolutionNode = FALSE
	EndGlobalSection
	GlobalSection(ExtensibilityGlobals) = postSolution
		SolutionGuid = {8E47396F-C2A9-49D5-9425-0339F0A2C1FB}
	EndGlobalSection
EndGlobal
